
Microsoft Visual Studio Solution File, Format Version 12.00
# Visual Studio Version 16
VisualStudioVersion = 16.0.32428.217
MinimumVisualStudioVersion = 10.0.40219.1
Project("{FAE04EC0-301F-11D3-BF4B-00C04F79EFBC}") = "WordleHelperApi", "WordleHelperApi\WordleHelperApi.csproj", "{F9F6D44F-A374-4B8D-A550-D20797862C20}"
EndProject
Global
	GlobalSection(SolutionConfigurationPlatforms) = preSolution
		Debug|Any CPU = Debug|Any CPU
		Release|Any CPU = Release|Any CPU
	EndGlobalSection
	GlobalSection(ProjectConfigurationPlatforms) = postSolution
		{F9F6D44F-A374-4B8D-A550-D20797862C20}.Debug|Any CPU.ActiveCfg = Debug|Any CPU
		{F9F6D44F-A374-4B8D-A550-D20797862C20}.Debug|Any CPU.Build.0 = Debug|Any CPU
		{F9F6D44F-A374-4B8D-A550-D20797862C20}.Release|Any CPU.ActiveCfg = Release|Any CPU
		{F9F6D44F-A374-4B8D-A550-D20797862C20}.Release|Any CPU.Build.0 = Release|Any CPU
	EndGlobalSection
	GlobalSection(SolutionProperties) = preSolution
		HideSolutionNode = FALSE
	EndGlobalSection
	GlobalSection(ExtensibilityGlobals) = postSolution
		SolutionGuid = {76020EBA-FAC2-4AB1-9B9B-FAF3D8C889C0}
	EndGlobalSection
EndGlobal
